
Microsoft Visual Studio Solution File, Format Version 12.00
# Visual Studio Version 16
VisualStudioVersion = 16.0.30225.117
MinimumVisualStudioVersion = 10.0.40219.1
Project("{FAE04EC0-301F-11D3-BF4B-00C04F79EFBC}") = "CalculatorApp", "CalculatorApp\CalculatorApp.csproj", "{B05C4824-73A8-4714-BA72-A95D3D4E3E14}"
EndProject
Project("{FAE04EC0-301F-11D3-BF4B-00C04F79EFBC}") = "CalculatorApp.Test", "CalculatorApp.Test\CalculatorApp.Test.csproj", "{8A133CDE-A175-4BC6-96D3-93DE6AF35E63}"
EndProject
Global
	GlobalSection(SolutionConfigurationPlatforms) = preSolution
		Debug|Any CPU = Debug|Any CPU
		Release|Any CPU = Release|Any CPU
	EndGlobalSection
	GlobalSection(ProjectConfigurationPlatforms) = postSolution
		{B05C4824-73A8-4714-BA72-A95D3D4E3E14}.Debug|Any CPU.ActiveCfg = Debug|Any CPU
		{B05C4824-73A8-4714-BA72-A95D3D4E3E14}.Debug|Any CPU.Build.0 = Debug|Any CPU
		{B05C4824-73A8-4714-BA72-A95D3D4E3E14}.Release|Any CPU.ActiveCfg = Release|Any CPU
		{B05C4824-73A8-4714-BA72-A95D3D4E3E14}.Release|Any CPU.Build.0 = Release|Any CPU
		{8A133CDE-A175-4BC6-96D3-93DE6AF35E63}.Debug|Any CPU.ActiveCfg = Debug|Any CPU
		{8A133CDE-A175-4BC6-96D3-93DE6AF35E63}.Debug|Any CPU.Build.0 = Debug|Any CPU
		{8A133CDE-A175-4BC6-96D3-93DE6AF35E63}.Release|Any CPU.ActiveCfg = Release|Any CPU
		{8A133CDE-A175-4BC6-96D3-93DE6AF35E63}.Release|Any CPU.Build.0 = Release|Any CPU
	EndGlobalSection
	GlobalSection(SolutionProperties) = preSolution
		HideSolutionNode = FALSE
	EndGlobalSection
	GlobalSection(ExtensibilityGlobals) = postSolution
		SolutionGuid = {2EA167B6-F61E-4B37-8086-5ECACE28B907}
	EndGlobalSection
EndGlobal
