
Microsoft Visual Studio Solution File, Format Version 12.00
# Visual Studio Version 16
VisualStudioVersion = 16.0.30225.117
MinimumVisualStudioVersion = 10.0.40219.1
Project("{FAE04EC0-301F-11D3-BF4B-00C04F79EFBC}") = "HelloApp", "HelloApp\HelloApp.csproj", "{38B29213-9DB6-42B1-80F3-69EDB7BBEDC3}"
EndProject
Project("{FAE04EC0-301F-11D3-BF4B-00C04F79EFBC}") = "IntegralTypes", "IntegralTypes\IntegralTypes.csproj", "{02890555-756C-4622-8CAB-FBBD82CF3589}"
EndProject
Project("{FAE04EC0-301F-11D3-BF4B-00C04F79EFBC}") = "BoxingUnboxing", "BoxingUnboxing\BoxingUnboxing.csproj", "{2429EB95-43F8-4C81-8204-4B3AC819A77B}"
EndProject
Project("{FAE04EC0-301F-11D3-BF4B-00C04F79EFBC}") = "IntegralConversion", "IntegralConversion\IntegralConversion.csproj", "{FBFC138C-925D-44D0-90AB-2C18926861C5}"
EndProject
Project("{2150E333-8FDC-42A3-9474-1A3956D46DE8}") = "Chap03", "Chap03", "{F8ADBAA7-E5E5-435F-972F-EB6FD992692F}"
EndProject
Project("{2150E333-8FDC-42A3-9474-1A3956D46DE8}") = "Chap02", "Chap02", "{2BF99A4A-D115-4895-8449-60862AB634FE}"
EndProject
Project("{9A19103F-16F7-4668-BE54-9A1E7A4F7556}") = "StringNumberConversion", "StringNumberConversion\StringNumberConversion.csproj", "{C64D0B17-45F4-4E0F-889E-409A435A1BE1}"
EndProject
Project("{FAE04EC0-301F-11D3-BF4B-00C04F79EFBC}") = "Enum", "Enum\Enum.csproj", "{ABE8ABA4-3B44-48C3-A88D-A02B89226652}"
EndProject
Project("{FAE04EC0-301F-11D3-BF4B-00C04F79EFBC}") = "Nullable", "Nullable\Nullable.csproj", "{988F2279-6D73-4C65-B8C2-E088B391E2FC}"
EndProject
Project("{2150E333-8FDC-42A3-9474-1A3956D46DE8}") = "AppendixA", "AppendixA", "{7370AD52-CAF5-49D4-87BC-7231BD0B06E4}"
EndProject
Project("{FAE04EC0-301F-11D3-BF4B-00C04F79EFBC}") = "StringSearch", "StringSearch\StringSearch.csproj", "{F8E18220-9A8D-4FAE-843D-80F1A44637A2}"
EndProject
Project("{2150E333-8FDC-42A3-9474-1A3956D46DE8}") = "Chap04", "Chap04", "{B693E5B2-AB46-44F9-BF31-EC201E940036}"
EndProject
Project("{2150E333-8FDC-42A3-9474-1A3956D46DE8}") = "Chap05", "Chap05", "{0C7A5775-D137-469D-9EDA-3C3DF6ABDB78}"
EndProject
Project("{FAE04EC0-301F-11D3-BF4B-00C04F79EFBC}") = "IfelseApp", "IfelseApp\IfelseApp.csproj", "{05214B59-EB2A-4074-AAD6-84EF22390E6A}"
EndProject
Project("{FAE04EC0-301F-11D3-BF4B-00C04F79EFBC}") = "SWCaseApp", "SWCaseApp\SWCaseApp.csproj", "{21DFAF56-55BB-4C03-A23F-7F00B047518A}"
EndProject
Project("{FAE04EC0-301F-11D3-BF4B-00C04F79EFBC}") = "WhileApp", "WhileApp\WhileApp.csproj", "{51A9F88A-FA7E-428A-8EB1-A70D79B6D9A2}"
EndProject
Project("{2150E333-8FDC-42A3-9474-1A3956D46DE8}") = "Chap06", "Chap06", "{86A748F1-0011-4C1E-8541-9A9259324959}"
EndProject
Project("{FAE04EC0-301F-11D3-BF4B-00C04F79EFBC}") = "SwapByValue", "SwapByValue\SwapByValue.csproj", "{82303FC2-D5B0-4DDE-8ED3-7F91ACC08C8B}"
EndProject
Project("{FAE04EC0-301F-11D3-BF4B-00C04F79EFBC}") = "RefReturn", "RefReturn\RefReturn.csproj", "{46DABAD2-4818-4E92-AD48-E51189A5106E}"
EndProject
Project("{FAE04EC0-301F-11D3-BF4B-00C04F79EFBC}") = "UsingOut", "UsingOut\UsingOut.csproj", "{81397A83-0D52-40F0-8DBD-2BFC922B14DB}"
EndProject
Project("{FAE04EC0-301F-11D3-BF4B-00C04F79EFBC}") = "Overloading", "Overloading\Overloading.csproj", "{070A6A89-7EB4-45F0-8017-FA1143C0DA83}"
EndProject
Project("{FAE04EC0-301F-11D3-BF4B-00C04F79EFBC}") = "LocalFunction", "LocalFunction\LocalFunction.csproj", "{C6BE942B-438E-470D-8752-E9FAE0C07A88}"
EndProject
Project("{2150E333-8FDC-42A3-9474-1A3956D46DE8}") = "Ex", "Ex", "{41C2D0FD-051C-46C2-AD4E-5C40EF0C3B97}"
EndProject
Project("{FAE04EC0-301F-11D3-BF4B-00C04F79EFBC}") = "P_197", "P_197\P_197.csproj", "{49425BED-BBFA-4845-866B-3208C16F9BB7}"
EndProject
Project("{2150E333-8FDC-42A3-9474-1A3956D46DE8}") = "Chap07", "Chap07", "{DF100252-EBF1-4582-8EFD-F29F1FE560D8}"
EndProject
Project("{FAE04EC0-301F-11D3-BF4B-00C04F79EFBC}") = "BasicClass", "BasicClass\BasicClass.csproj", "{B740DDCC-DDA1-4E7E-87D7-768A2151A759}"
EndProject
Project("{FAE04EC0-301F-11D3-BF4B-00C04F79EFBC}") = "StaticField", "StaticField\StaticField.csproj", "{0513D0AE-3834-4A88-951A-BEDF4BD9D0E7}"
EndProject
Project("{FAE04EC0-301F-11D3-BF4B-00C04F79EFBC}") = "DeepCopy", "DeepCopy\DeepCopy.csproj", "{9643D4DB-C27C-4C43-8C9A-3AF4A7F460C0}"
EndProject
Project("{FAE04EC0-301F-11D3-BF4B-00C04F79EFBC}") = "AccessModifier", "AccessModifier\AccessModifier.csproj", "{D6F59303-9752-4FBB-A207-F42BB9AA8179}"
EndProject
Project("{FAE04EC0-301F-11D3-BF4B-00C04F79EFBC}") = "Inheritance", "Inheritance\Inheritance.csproj", "{D6775C7F-F988-449A-9B49-C4A434F5D335}"
EndProject
Project("{FAE04EC0-301F-11D3-BF4B-00C04F79EFBC}") = "ClassTypeCasting", "ClassTypeCasting\ClassTypeCasting.csproj", "{DD843F3B-C951-4519-86D7-205C5ECF5F75}"
EndProject
Project("{FAE04EC0-301F-11D3-BF4B-00C04F79EFBC}") = "Overriding", "Overriding\Overriding.csproj", "{F1530C74-9FE2-4C12-90F7-DC9E2EE0F338}"
EndProject
Project("{FAE04EC0-301F-11D3-BF4B-00C04F79EFBC}") = "NestedClass", "NestedClass\NestedClass.csproj", "{CD7812CE-03D1-4CB5-9068-352C2ED56228}"
EndProject
Project("{FAE04EC0-301F-11D3-BF4B-00C04F79EFBC}") = "ExtensionMethod", "ExtensionMethod\ExtensionMethod.csproj", "{6F856F9E-DD51-48D6-A0FF-10908F27919D}"
EndProject
Project("{FAE04EC0-301F-11D3-BF4B-00C04F79EFBC}") = "Structure", "Structure\Structure.csproj", "{FFD5C66D-BF2E-45DE-AC51-83D00DC9ECB8}"
EndProject
Project("{FAE04EC0-301F-11D3-BF4B-00C04F79EFBC}") = "Tuple", "Tuple\Tuple.csproj", "{C88D4C3F-A446-4D3C-9746-7D2791F7AAB6}"
EndProject
Project("{2150E333-8FDC-42A3-9474-1A3956D46DE8}") = "Chap08", "Chap08", "{0110A563-1DCE-480B-864E-97AEE32A9BEF}"
EndProject
Project("{FAE04EC0-301F-11D3-BF4B-00C04F79EFBC}") = "Interface", "Interface\Interface.csproj", "{7BC3B599-FD5E-4C7F-A9DA-F6D27366310B}"
EndProject
Project("{FAE04EC0-301F-11D3-BF4B-00C04F79EFBC}") = "MultiInterface", "MultiInterface\MultiInterface.csproj", "{D1AE8BA6-DB0C-4041-9DDC-AAEF7AFD650D}"
EndProject
Project("{FAE04EC0-301F-11D3-BF4B-00C04F79EFBC}") = "AbstractClass", "AbstractClass\AbstractClass.csproj", "{1FDD752A-719A-44CE-ADF9-A3F34063EEF8}"
EndProject
Project("{2150E333-8FDC-42A3-9474-1A3956D46DE8}") = "Chap09", "Chap09", "{FDD07F79-7465-45BD-BF02-EE001E4EE947}"
EndProject
Project("{FAE04EC0-301F-11D3-BF4B-00C04F79EFBC}") = "Property", "Property\Property.csproj", "{8D1961BB-C1D5-42B0-81E8-8474C318C28F}"
EndProject
Project("{FAE04EC0-301F-11D3-BF4B-00C04F79EFBC}") = "PropertiesInInterface", "PropertiesInInterface\PropertiesInInterface.csproj", "{A0F452C8-2AC7-4C78-8809-55CD992822C3}"
EndProject
Project("{FAE04EC0-301F-11D3-BF4B-00C04F79EFBC}") = "PropertiesInAbsClass", "PropertiesInAbsClass\PropertiesInAbsClass.csproj", "{3FF129D1-48CC-4102-8FE4-1B46AFE75D90}"
EndProject
Project("{2150E333-8FDC-42A3-9474-1A3956D46DE8}") = "Chap10", "Chap10", "{1B7394E7-F934-4B6B-846E-A55B1A4A2840}"
EndProject
Project("{FAE04EC0-301F-11D3-BF4B-00C04F79EFBC}") = "UsingList", "UsingList\UsingList.csproj", "{E7740D05-075C-4924-8F92-2EB6C5F081A3}"
EndProject
Project("{FAE04EC0-301F-11D3-BF4B-00C04F79EFBC}") = "UsingHshtable", "UsingHshtable\UsingHshtable.csproj", "{BEFA2A7B-342C-4A2E-AF0C-08C8A0BACBFA}"
EndProject
Project("{FAE04EC0-301F-11D3-BF4B-00C04F79EFBC}") = "UsingIndexer", "UsingIndexer\UsingIndexer.csproj", "{8C9E5297-DABC-42DC-9347-E1396FD1E46B}"
EndProject
Project("{FAE04EC0-301F-11D3-BF4B-00C04F79EFBC}") = "UsingYield", "UsingYield\UsingYield.csproj", "{D72B5C52-9F0A-435B-BAF0-15187711D802}"
EndProject
Project("{FAE04EC0-301F-11D3-BF4B-00C04F79EFBC}") = "UsingEnumerable", "UsingEnumerable\UsingEnumerable.csproj", "{310B0504-4D9F-4CAA-989A-4964FF5C1941}"
EndProject
Project("{2150E333-8FDC-42A3-9474-1A3956D46DE8}") = "Chap11", "Chap11", "{3246F6D3-BFBA-46FA-85B7-0BF37EA43EBD}"
EndProject
Project("{FAE04EC0-301F-11D3-BF4B-00C04F79EFBC}") = "CopyingArray", "CopyingArray\CopyingArray.csproj", "{5E5AA632-CC42-4A57-92CF-79B7912C3B21}"
EndProject
Project("{FAE04EC0-301F-11D3-BF4B-00C04F79EFBC}") = "Generic", "Generic\Generic.csproj", "{0C619176-04ED-473F-AB7F-038BDBDB1663}"
EndProject
Project("{FAE04EC0-301F-11D3-BF4B-00C04F79EFBC}") = "ConstraintsOnTypeParameters", "ConstraintsOnTypeParameters\ConstraintsOnTypeParameters.csproj", "{383301BD-8A35-4DE1-9F4B-CE52CC11AF13}"
EndProject
Project("{FAE04EC0-301F-11D3-BF4B-00C04F79EFBC}") = "UsingGenericList", "UsingGenericList\UsingGenericList.csproj", "{1DA94C34-D2AA-4EB3-8568-E1CA0915A064}"
EndProject
Project("{FAE04EC0-301F-11D3-BF4B-00C04F79EFBC}") = "Queue", "Queue\Queue.csproj", "{6C8D5EA8-01CA-41E2-AE45-CD0BC42E49DC}"
EndProject
Project("{FAE04EC0-301F-11D3-BF4B-00C04F79EFBC}") = "EnumerableGeneric", "EnumerableGeneric\EnumerableGeneric.csproj", "{C4D915EC-B255-4148-A05F-476164F4A956}"
EndProject
Project("{2150E333-8FDC-42A3-9474-1A3956D46DE8}") = "Chap12", "Chap12", "{45AE4258-2CAB-4E8A-82A6-3688CED5415A}"
EndProject
Project("{FAE04EC0-301F-11D3-BF4B-00C04F79EFBC}") = "TryCatch", "TryCatch\TryCatch.csproj", "{0CBC8271-A5CD-4B10-8927-5BBBDFD037D9}"
EndProject
Project("{FAE04EC0-301F-11D3-BF4B-00C04F79EFBC}") = "Throw", "Throw\Throw.csproj", "{37F480D9-8A68-4B57-928A-A4EF03A1B264}"
EndProject
Project("{FAE04EC0-301F-11D3-BF4B-00C04F79EFBC}") = "UsingException", "Exception\UsingException.csproj", "{5ABB0F64-B74E-42A8-9837-0F97394326D3}"
EndProject
Project("{2150E333-8FDC-42A3-9474-1A3956D46DE8}") = "Chap13", "Chap13", "{249696E1-4106-4D69-94F2-9EC7E7AE0EBC}"
EndProject
Project("{FAE04EC0-301F-11D3-BF4B-00C04F79EFBC}") = "UsingDelegate", "UsingDelegate\UsingDelegate.csproj", "{5682FC7F-7141-441E-A0EF-CAEE8FBEBDFE}"
EndProject
Project("{FAE04EC0-301F-11D3-BF4B-00C04F79EFBC}") = "UsingCallback", "UsingCallback\UsingCallback.csproj", "{C71DC70F-2C6A-4E35-B12E-E856AB091CB4}"
EndProject
Project("{FAE04EC0-301F-11D3-BF4B-00C04F79EFBC}") = "DelegateChains", "DelegateChains\DelegateChains.csproj", "{0ECE1F53-DD93-4946-8E3C-9687ABCC0CFD}"
EndProject
Project("{FAE04EC0-301F-11D3-BF4B-00C04F79EFBC}") = "AnonymousMethod", "AnonymousMethod\AnonymousMethod.csproj", "{9DE75DBA-6F36-4F71-BDB5-3C6220AF6D09}"
EndProject
Project("{FAE04EC0-301F-11D3-BF4B-00C04F79EFBC}") = "EventTest", "EventTest\EventTest.csproj", "{655B3DFA-C57E-444B-9178-954C2C72B9B3}"
EndProject
Project("{FAE04EC0-301F-11D3-BF4B-00C04F79EFBC}") = "WindowsFormsApp1", "WindowsFormsApp1\WindowsFormsApp1.csproj", "{DBCB925C-09CE-43C7-B685-57188D3B5D4A}"
EndProject
Project("{2150E333-8FDC-42A3-9474-1A3956D46DE8}") = "Chap14", "Chap14", "{952401BD-FE57-419B-8623-AFA79DABFE6C}"
EndProject
Project("{FAE04EC0-301F-11D3-BF4B-00C04F79EFBC}") = "SimpleLambda", "SimpleLambda\SimpleLambda.csproj", "{B6474B80-B9BE-42AD-A9AF-8388262EC15C}"
EndProject
Project("{FAE04EC0-301F-11D3-BF4B-00C04F79EFBC}") = "FuncTest", "FuncTest\FuncTest.csproj", "{A6B7D0A0-AB2D-4B7D-9DC0-8358F4AFFB76}"
EndProject
Project("{FAE04EC0-301F-11D3-BF4B-00C04F79EFBC}") = "LambdaExMember", "LambdaExMember\LambdaExMember.csproj", "{20BB2EE0-76AD-40E4-BFB2-B19CBD0F24FC}"
EndProject
Project("{2150E333-8FDC-42A3-9474-1A3956D46DE8}") = "Chap15", "Chap15", "{59ADFD23-7058-4520-9E97-2C59AD4BF573}"
EndProject
Project("{FAE04EC0-301F-11D3-BF4B-00C04F79EFBC}") = "UsingFrom", "UsingFrom\UsingFrom.csproj", "{51165649-6D52-4F07-9BFB-19E7848E83FD}"
EndProject
Project("{2150E333-8FDC-42A3-9474-1A3956D46DE8}") = "Chap19", "Chap19", "{D96D2023-AA68-49ED-80BA-0C65AC1E0418}"
EndProject
Project("{FAE04EC0-301F-11D3-BF4B-00C04F79EFBC}") = "BasicThread", "BasicThread\BasicThread.csproj", "{D1CF26CD-EF3F-439A-9DDE-7070C8F1F953}"
EndProject
Project("{FAE04EC0-301F-11D3-BF4B-00C04F79EFBC}") = "WinThreadEx", "WinThreadEx\WinThreadEx.csproj", "{F600F70B-4394-4D1F-977E-24FA5FA7A098}"
EndProject
Project("{FAE04EC0-301F-11D3-BF4B-00C04F79EFBC}") = "AbortThread", "AbortThread\AbortThread.csproj", "{F3DF0A26-17D2-4BA5-8106-10AD8B370FF9}"
EndProject
Project("{FAE04EC0-301F-11D3-BF4B-00C04F79EFBC}") = "InterruptThread", "InterruptThread\InterruptThread.csproj", "{CD9BB7F4-91BC-4343-9D1F-AC2FD22BDE7F}"
EndProject
Project("{FAE04EC0-301F-11D3-BF4B-00C04F79EFBC}") = "UsingLock", "UsingLock\UsingLock.csproj", "{A7ECA8D4-00D0-4758-AC05-BEC439C61C96}"
EndProject
Global
	GlobalSection(SolutionConfigurationPlatforms) = preSolution
		Debug|Any CPU = Debug|Any CPU
		Release|Any CPU = Release|Any CPU
	EndGlobalSection
	GlobalSection(ProjectConfigurationPlatforms) = postSolution
		{38B29213-9DB6-42B1-80F3-69EDB7BBEDC3}.Debug|Any CPU.ActiveCfg = Debug|Any CPU
		{38B29213-9DB6-42B1-80F3-69EDB7BBEDC3}.Debug|Any CPU.Build.0 = Debug|Any CPU
		{38B29213-9DB6-42B1-80F3-69EDB7BBEDC3}.Release|Any CPU.ActiveCfg = Release|Any CPU
		{38B29213-9DB6-42B1-80F3-69EDB7BBEDC3}.Release|Any CPU.Build.0 = Release|Any CPU
		{02890555-756C-4622-8CAB-FBBD82CF3589}.Debug|Any CPU.ActiveCfg = Debug|Any CPU
		{02890555-756C-4622-8CAB-FBBD82CF3589}.Debug|Any CPU.Build.0 = Debug|Any CPU
		{02890555-756C-4622-8CAB-FBBD82CF3589}.Release|Any CPU.ActiveCfg = Release|Any CPU
		{02890555-756C-4622-8CAB-FBBD82CF3589}.Release|Any CPU.Build.0 = Release|Any CPU
		{2429EB95-43F8-4C81-8204-4B3AC819A77B}.Debug|Any CPU.ActiveCfg = Debug|Any CPU
		{2429EB95-43F8-4C81-8204-4B3AC819A77B}.Debug|Any CPU.Build.0 = Debug|Any CPU
		{2429EB95-43F8-4C81-8204-4B3AC819A77B}.Release|Any CPU.ActiveCfg = Release|Any CPU
		{2429EB95-43F8-4C81-8204-4B3AC819A77B}.Release|Any CPU.Build.0 = Release|Any CPU
		{FBFC138C-925D-44D0-90AB-2C18926861C5}.Debug|Any CPU.ActiveCfg = Debug|Any CPU
		{FBFC138C-925D-44D0-90AB-2C18926861C5}.Debug|Any CPU.Build.0 = Debug|Any CPU
		{FBFC138C-925D-44D0-90AB-2C18926861C5}.Release|Any CPU.ActiveCfg = Release|Any CPU
		{FBFC138C-925D-44D0-90AB-2C18926861C5}.Release|Any CPU.Build.0 = Release|Any CPU
		{C64D0B17-45F4-4E0F-889E-409A435A1BE1}.Debug|Any CPU.ActiveCfg = Debug|Any CPU
		{C64D0B17-45F4-4E0F-889E-409A435A1BE1}.Debug|Any CPU.Build.0 = Debug|Any CPU
		{C64D0B17-45F4-4E0F-889E-409A435A1BE1}.Release|Any CPU.ActiveCfg = Release|Any CPU
		{C64D0B17-45F4-4E0F-889E-409A435A1BE1}.Release|Any CPU.Build.0 = Release|Any CPU
		{ABE8ABA4-3B44-48C3-A88D-A02B89226652}.Debug|Any CPU.ActiveCfg = Debug|Any CPU
		{ABE8ABA4-3B44-48C3-A88D-A02B89226652}.Debug|Any CPU.Build.0 = Debug|Any CPU
		{ABE8ABA4-3B44-48C3-A88D-A02B89226652}.Release|Any CPU.ActiveCfg = Release|Any CPU
		{ABE8ABA4-3B44-48C3-A88D-A02B89226652}.Release|Any CPU.Build.0 = Release|Any CPU
		{988F2279-6D73-4C65-B8C2-E088B391E2FC}.Debug|Any CPU.ActiveCfg = Debug|Any CPU
		{988F2279-6D73-4C65-B8C2-E088B391E2FC}.Debug|Any CPU.Build.0 = Debug|Any CPU
		{988F2279-6D73-4C65-B8C2-E088B391E2FC}.Release|Any CPU.ActiveCfg = Release|Any CPU
		{988F2279-6D73-4C65-B8C2-E088B391E2FC}.Release|Any CPU.Build.0 = Release|Any CPU
		{F8E18220-9A8D-4FAE-843D-80F1A44637A2}.Debug|Any CPU.ActiveCfg = Debug|Any CPU
		{F8E18220-9A8D-4FAE-843D-80F1A44637A2}.Debug|Any CPU.Build.0 = Debug|Any CPU
		{F8E18220-9A8D-4FAE-843D-80F1A44637A2}.Release|Any CPU.ActiveCfg = Release|Any CPU
		{F8E18220-9A8D-4FAE-843D-80F1A44637A2}.Release|Any CPU.Build.0 = Release|Any CPU
		{05214B59-EB2A-4074-AAD6-84EF22390E6A}.Debug|Any CPU.ActiveCfg = Debug|Any CPU
		{05214B59-EB2A-4074-AAD6-84EF22390E6A}.Debug|Any CPU.Build.0 = Debug|Any CPU
		{05214B59-EB2A-4074-AAD6-84EF22390E6A}.Release|Any CPU.ActiveCfg = Release|Any CPU
		{05214B59-EB2A-4074-AAD6-84EF22390E6A}.Release|Any CPU.Build.0 = Release|Any CPU
		{21DFAF56-55BB-4C03-A23F-7F00B047518A}.Debug|Any CPU.ActiveCfg = Debug|Any CPU
		{21DFAF56-55BB-4C03-A23F-7F00B047518A}.Debug|Any CPU.Build.0 = Debug|Any CPU
		{21DFAF56-55BB-4C03-A23F-7F00B047518A}.Release|Any CPU.ActiveCfg = Release|Any CPU
		{21DFAF56-55BB-4C03-A23F-7F00B047518A}.Release|Any CPU.Build.0 = Release|Any CPU
		{51A9F88A-FA7E-428A-8EB1-A70D79B6D9A2}.Debug|Any CPU.ActiveCfg = Debug|Any CPU
		{51A9F88A-FA7E-428A-8EB1-A70D79B6D9A2}.Debug|Any CPU.Build.0 = Debug|Any CPU
		{51A9F88A-FA7E-428A-8EB1-A70D79B6D9A2}.Release|Any CPU.ActiveCfg = Release|Any CPU
		{51A9F88A-FA7E-428A-8EB1-A70D79B6D9A2}.Release|Any CPU.Build.0 = Release|Any CPU
		{82303FC2-D5B0-4DDE-8ED3-7F91ACC08C8B}.Debug|Any CPU.ActiveCfg = Debug|Any CPU
		{82303FC2-D5B0-4DDE-8ED3-7F91ACC08C8B}.Debug|Any CPU.Build.0 = Debug|Any CPU
		{82303FC2-D5B0-4DDE-8ED3-7F91ACC08C8B}.Release|Any CPU.ActiveCfg = Release|Any CPU
		{82303FC2-D5B0-4DDE-8ED3-7F91ACC08C8B}.Release|Any CPU.Build.0 = Release|Any CPU
		{46DABAD2-4818-4E92-AD48-E51189A5106E}.Debug|Any CPU.ActiveCfg = Debug|Any CPU
		{46DABAD2-4818-4E92-AD48-E51189A5106E}.Debug|Any CPU.Build.0 = Debug|Any CPU
		{46DABAD2-4818-4E92-AD48-E51189A5106E}.Release|Any CPU.ActiveCfg = Release|Any CPU
		{46DABAD2-4818-4E92-AD48-E51189A5106E}.Release|Any CPU.Build.0 = Release|Any CPU
		{81397A83-0D52-40F0-8DBD-2BFC922B14DB}.Debug|Any CPU.ActiveCfg = Debug|Any CPU
		{81397A83-0D52-40F0-8DBD-2BFC922B14DB}.Debug|Any CPU.Build.0 = Debug|Any CPU
		{81397A83-0D52-40F0-8DBD-2BFC922B14DB}.Release|Any CPU.ActiveCfg = Release|Any CPU
		{81397A83-0D52-40F0-8DBD-2BFC922B14DB}.Release|Any CPU.Build.0 = Release|Any CPU
		{070A6A89-7EB4-45F0-8017-FA1143C0DA83}.Debug|Any CPU.ActiveCfg = Debug|Any CPU
		{070A6A89-7EB4-45F0-8017-FA1143C0DA83}.Debug|Any CPU.Build.0 = Debug|Any CPU
		{070A6A89-7EB4-45F0-8017-FA1143C0DA83}.Release|Any CPU.ActiveCfg = Release|Any CPU
		{070A6A89-7EB4-45F0-8017-FA1143C0DA83}.Release|Any CPU.Build.0 = Release|Any CPU
		{C6BE942B-438E-470D-8752-E9FAE0C07A88}.Debug|Any CPU.ActiveCfg = Debug|Any CPU
		{C6BE942B-438E-470D-8752-E9FAE0C07A88}.Debug|Any CPU.Build.0 = Debug|Any CPU
		{C6BE942B-438E-470D-8752-E9FAE0C07A88}.Release|Any CPU.ActiveCfg = Release|Any CPU
		{C6BE942B-438E-470D-8752-E9FAE0C07A88}.Release|Any CPU.Build.0 = Release|Any CPU
		{49425BED-BBFA-4845-866B-3208C16F9BB7}.Debug|Any CPU.ActiveCfg = Debug|Any CPU
		{49425BED-BBFA-4845-866B-3208C16F9BB7}.Debug|Any CPU.Build.0 = Debug|Any CPU
		{49425BED-BBFA-4845-866B-3208C16F9BB7}.Release|Any CPU.ActiveCfg = Release|Any CPU
		{49425BED-BBFA-4845-866B-3208C16F9BB7}.Release|Any CPU.Build.0 = Release|Any CPU
		{B740DDCC-DDA1-4E7E-87D7-768A2151A759}.Debug|Any CPU.ActiveCfg = Debug|Any CPU
		{B740DDCC-DDA1-4E7E-87D7-768A2151A759}.Debug|Any CPU.Build.0 = Debug|Any CPU
		{B740DDCC-DDA1-4E7E-87D7-768A2151A759}.Release|Any CPU.ActiveCfg = Release|Any CPU
		{B740DDCC-DDA1-4E7E-87D7-768A2151A759}.Release|Any CPU.Build.0 = Release|Any CPU
		{0513D0AE-3834-4A88-951A-BEDF4BD9D0E7}.Debug|Any CPU.ActiveCfg = Debug|Any CPU
		{0513D0AE-3834-4A88-951A-BEDF4BD9D0E7}.Debug|Any CPU.Build.0 = Debug|Any CPU
		{0513D0AE-3834-4A88-951A-BEDF4BD9D0E7}.Release|Any CPU.ActiveCfg = Release|Any CPU
		{0513D0AE-3834-4A88-951A-BEDF4BD9D0E7}.Release|Any CPU.Build.0 = Release|Any CPU
		{9643D4DB-C27C-4C43-8C9A-3AF4A7F460C0}.Debug|Any CPU.ActiveCfg = Debug|Any CPU
		{9643D4DB-C27C-4C43-8C9A-3AF4A7F460C0}.Debug|Any CPU.Build.0 = Debug|Any CPU
		{9643D4DB-C27C-4C43-8C9A-3AF4A7F460C0}.Release|Any CPU.ActiveCfg = Release|Any CPU
		{9643D4DB-C27C-4C43-8C9A-3AF4A7F460C0}.Release|Any CPU.Build.0 = Release|Any CPU
		{D6F59303-9752-4FBB-A207-F42BB9AA8179}.Debug|Any CPU.ActiveCfg = Debug|Any CPU
		{D6F59303-9752-4FBB-A207-F42BB9AA8179}.Debug|Any CPU.Build.0 = Debug|Any CPU
		{D6F59303-9752-4FBB-A207-F42BB9AA8179}.Release|Any CPU.ActiveCfg = Release|Any CPU
		{D6F59303-9752-4FBB-A207-F42BB9AA8179}.Release|Any CPU.Build.0 = Release|Any CPU
		{D6775C7F-F988-449A-9B49-C4A434F5D335}.Debug|Any CPU.ActiveCfg = Debug|Any CPU
		{D6775C7F-F988-449A-9B49-C4A434F5D335}.Debug|Any CPU.Build.0 = Debug|Any CPU
		{D6775C7F-F988-449A-9B49-C4A434F5D335}.Release|Any CPU.ActiveCfg = Release|Any CPU
		{D6775C7F-F988-449A-9B49-C4A434F5D335}.Release|Any CPU.Build.0 = Release|Any CPU
		{DD843F3B-C951-4519-86D7-205C5ECF5F75}.Debug|Any CPU.ActiveCfg = Debug|Any CPU
		{DD843F3B-C951-4519-86D7-205C5ECF5F75}.Debug|Any CPU.Build.0 = Debug|Any CPU
		{DD843F3B-C951-4519-86D7-205C5ECF5F75}.Release|Any CPU.ActiveCfg = Release|Any CPU
		{DD843F3B-C951-4519-86D7-205C5ECF5F75}.Release|Any CPU.Build.0 = Release|Any CPU
		{F1530C74-9FE2-4C12-90F7-DC9E2EE0F338}.Debug|Any CPU.ActiveCfg = Debug|Any CPU
		{F1530C74-9FE2-4C12-90F7-DC9E2EE0F338}.Debug|Any CPU.Build.0 = Debug|Any CPU
		{F1530C74-9FE2-4C12-90F7-DC9E2EE0F338}.Release|Any CPU.ActiveCfg = Release|Any CPU
		{F1530C74-9FE2-4C12-90F7-DC9E2EE0F338}.Release|Any CPU.Build.0 = Release|Any CPU
		{CD7812CE-03D1-4CB5-9068-352C2ED56228}.Debug|Any CPU.ActiveCfg = Debug|Any CPU
		{CD7812CE-03D1-4CB5-9068-352C2ED56228}.Debug|Any CPU.Build.0 = Debug|Any CPU
		{CD7812CE-03D1-4CB5-9068-352C2ED56228}.Release|Any CPU.ActiveCfg = Release|Any CPU
		{CD7812CE-03D1-4CB5-9068-352C2ED56228}.Release|Any CPU.Build.0 = Release|Any CPU
		{6F856F9E-DD51-48D6-A0FF-10908F27919D}.Debug|Any CPU.ActiveCfg = Debug|Any CPU
		{6F856F9E-DD51-48D6-A0FF-10908F27919D}.Debug|Any CPU.Build.0 = Debug|Any CPU
		{6F856F9E-DD51-48D6-A0FF-10908F27919D}.Release|Any CPU.ActiveCfg = Release|Any CPU
		{6F856F9E-DD51-48D6-A0FF-10908F27919D}.Release|Any CPU.Build.0 = Release|Any CPU
		{FFD5C66D-BF2E-45DE-AC51-83D00DC9ECB8}.Debug|Any CPU.ActiveCfg = Debug|Any CPU
		{FFD5C66D-BF2E-45DE-AC51-83D00DC9ECB8}.Debug|Any CPU.Build.0 = Debug|Any CPU
		{FFD5C66D-BF2E-45DE-AC51-83D00DC9ECB8}.Release|Any CPU.ActiveCfg = Release|Any CPU
		{FFD5C66D-BF2E-45DE-AC51-83D00DC9ECB8}.Release|Any CPU.Build.0 = Release|Any CPU
		{C88D4C3F-A446-4D3C-9746-7D2791F7AAB6}.Debug|Any CPU.ActiveCfg = Debug|Any CPU
		{C88D4C3F-A446-4D3C-9746-7D2791F7AAB6}.Debug|Any CPU.Build.0 = Debug|Any CPU
		{C88D4C3F-A446-4D3C-9746-7D2791F7AAB6}.Release|Any CPU.ActiveCfg = Release|Any CPU
		{C88D4C3F-A446-4D3C-9746-7D2791F7AAB6}.Release|Any CPU.Build.0 = Release|Any CPU
		{7BC3B599-FD5E-4C7F-A9DA-F6D27366310B}.Debug|Any CPU.ActiveCfg = Debug|Any CPU
		{7BC3B599-FD5E-4C7F-A9DA-F6D27366310B}.Debug|Any CPU.Build.0 = Debug|Any CPU
		{7BC3B599-FD5E-4C7F-A9DA-F6D27366310B}.Release|Any CPU.ActiveCfg = Release|Any CPU
		{7BC3B599-FD5E-4C7F-A9DA-F6D27366310B}.Release|Any CPU.Build.0 = Release|Any CPU
		{D1AE8BA6-DB0C-4041-9DDC-AAEF7AFD650D}.Debug|Any CPU.ActiveCfg = Debug|Any CPU
		{D1AE8BA6-DB0C-4041-9DDC-AAEF7AFD650D}.Debug|Any CPU.Build.0 = Debug|Any CPU
		{D1AE8BA6-DB0C-4041-9DDC-AAEF7AFD650D}.Release|Any CPU.ActiveCfg = Release|Any CPU
		{D1AE8BA6-DB0C-4041-9DDC-AAEF7AFD650D}.Release|Any CPU.Build.0 = Release|Any CPU
		{1FDD752A-719A-44CE-ADF9-A3F34063EEF8}.Debug|Any CPU.ActiveCfg = Debug|Any CPU
		{1FDD752A-719A-44CE-ADF9-A3F34063EEF8}.Debug|Any CPU.Build.0 = Debug|Any CPU
		{1FDD752A-719A-44CE-ADF9-A3F34063EEF8}.Release|Any CPU.ActiveCfg = Release|Any CPU
		{1FDD752A-719A-44CE-ADF9-A3F34063EEF8}.Release|Any CPU.Build.0 = Release|Any CPU
		{8D1961BB-C1D5-42B0-81E8-8474C318C28F}.Debug|Any CPU.ActiveCfg = Debug|Any CPU
		{8D1961BB-C1D5-42B0-81E8-8474C318C28F}.Debug|Any CPU.Build.0 = Debug|Any CPU
		{8D1961BB-C1D5-42B0-81E8-8474C318C28F}.Release|Any CPU.ActiveCfg = Release|Any CPU
		{8D1961BB-C1D5-42B0-81E8-8474C318C28F}.Release|Any CPU.Build.0 = Release|Any CPU
		{A0F452C8-2AC7-4C78-8809-55CD992822C3}.Debug|Any CPU.ActiveCfg = Debug|Any CPU
		{A0F452C8-2AC7-4C78-8809-55CD992822C3}.Debug|Any CPU.Build.0 = Debug|Any CPU
		{A0F452C8-2AC7-4C78-8809-55CD992822C3}.Release|Any CPU.ActiveCfg = Release|Any CPU
		{A0F452C8-2AC7-4C78-8809-55CD992822C3}.Release|Any CPU.Build.0 = Release|Any CPU
		{3FF129D1-48CC-4102-8FE4-1B46AFE75D90}.Debug|Any CPU.ActiveCfg = Debug|Any CPU
		{3FF129D1-48CC-4102-8FE4-1B46AFE75D90}.Debug|Any CPU.Build.0 = Debug|Any CPU
		{3FF129D1-48CC-4102-8FE4-1B46AFE75D90}.Release|Any CPU.ActiveCfg = Release|Any CPU
		{3FF129D1-48CC-4102-8FE4-1B46AFE75D90}.Release|Any CPU.Build.0 = Release|Any CPU
		{E7740D05-075C-4924-8F92-2EB6C5F081A3}.Debug|Any CPU.ActiveCfg = Debug|Any CPU
		{E7740D05-075C-4924-8F92-2EB6C5F081A3}.Debug|Any CPU.Build.0 = Debug|Any CPU
		{E7740D05-075C-4924-8F92-2EB6C5F081A3}.Release|Any CPU.ActiveCfg = Release|Any CPU
		{E7740D05-075C-4924-8F92-2EB6C5F081A3}.Release|Any CPU.Build.0 = Release|Any CPU
		{BEFA2A7B-342C-4A2E-AF0C-08C8A0BACBFA}.Debug|Any CPU.ActiveCfg = Debug|Any CPU
		{BEFA2A7B-342C-4A2E-AF0C-08C8A0BACBFA}.Debug|Any CPU.Build.0 = Debug|Any CPU
		{BEFA2A7B-342C-4A2E-AF0C-08C8A0BACBFA}.Release|Any CPU.ActiveCfg = Release|Any CPU
		{BEFA2A7B-342C-4A2E-AF0C-08C8A0BACBFA}.Release|Any CPU.Build.0 = Release|Any CPU
		{8C9E5297-DABC-42DC-9347-E1396FD1E46B}.Debug|Any CPU.ActiveCfg = Debug|Any CPU
		{8C9E5297-DABC-42DC-9347-E1396FD1E46B}.Debug|Any CPU.Build.0 = Debug|Any CPU
		{8C9E5297-DABC-42DC-9347-E1396FD1E46B}.Release|Any CPU.ActiveCfg = Release|Any CPU
		{8C9E5297-DABC-42DC-9347-E1396FD1E46B}.Release|Any CPU.Build.0 = Release|Any CPU
		{D72B5C52-9F0A-435B-BAF0-15187711D802}.Debug|Any CPU.ActiveCfg = Debug|Any CPU
		{D72B5C52-9F0A-435B-BAF0-15187711D802}.Debug|Any CPU.Build.0 = Debug|Any CPU
		{D72B5C52-9F0A-435B-BAF0-15187711D802}.Release|Any CPU.ActiveCfg = Release|Any CPU
		{D72B5C52-9F0A-435B-BAF0-15187711D802}.Release|Any CPU.Build.0 = Release|Any CPU
		{310B0504-4D9F-4CAA-989A-4964FF5C1941}.Debug|Any CPU.ActiveCfg = Debug|Any CPU
		{310B0504-4D9F-4CAA-989A-4964FF5C1941}.Debug|Any CPU.Build.0 = Debug|Any CPU
		{310B0504-4D9F-4CAA-989A-4964FF5C1941}.Release|Any CPU.ActiveCfg = Release|Any CPU
		{310B0504-4D9F-4CAA-989A-4964FF5C1941}.Release|Any CPU.Build.0 = Release|Any CPU
		{5E5AA632-CC42-4A57-92CF-79B7912C3B21}.Debug|Any CPU.ActiveCfg = Debug|Any CPU
		{5E5AA632-CC42-4A57-92CF-79B7912C3B21}.Debug|Any CPU.Build.0 = Debug|Any CPU
		{5E5AA632-CC42-4A57-92CF-79B7912C3B21}.Release|Any CPU.ActiveCfg = Release|Any CPU
		{5E5AA632-CC42-4A57-92CF-79B7912C3B21}.Release|Any CPU.Build.0 = Release|Any CPU
		{0C619176-04ED-473F-AB7F-038BDBDB1663}.Debug|Any CPU.ActiveCfg = Debug|Any CPU
		{0C619176-04ED-473F-AB7F-038BDBDB1663}.Debug|Any CPU.Build.0 = Debug|Any CPU
		{0C619176-04ED-473F-AB7F-038BDBDB1663}.Release|Any CPU.ActiveCfg = Release|Any CPU
		{0C619176-04ED-473F-AB7F-038BDBDB1663}.Release|Any CPU.Build.0 = Release|Any CPU
		{383301BD-8A35-4DE1-9F4B-CE52CC11AF13}.Debug|Any CPU.ActiveCfg = Debug|Any CPU
		{383301BD-8A35-4DE1-9F4B-CE52CC11AF13}.Debug|Any CPU.Build.0 = Debug|Any CPU
		{383301BD-8A35-4DE1-9F4B-CE52CC11AF13}.Release|Any CPU.ActiveCfg = Release|Any CPU
		{383301BD-8A35-4DE1-9F4B-CE52CC11AF13}.Release|Any CPU.Build.0 = Release|Any CPU
		{1DA94C34-D2AA-4EB3-8568-E1CA0915A064}.Debug|Any CPU.ActiveCfg = Debug|Any CPU
		{1DA94C34-D2AA-4EB3-8568-E1CA0915A064}.Debug|Any CPU.Build.0 = Debug|Any CPU
		{1DA94C34-D2AA-4EB3-8568-E1CA0915A064}.Release|Any CPU.ActiveCfg = Release|Any CPU
		{1DA94C34-D2AA-4EB3-8568-E1CA0915A064}.Release|Any CPU.Build.0 = Release|Any CPU
		{6C8D5EA8-01CA-41E2-AE45-CD0BC42E49DC}.Debug|Any CPU.ActiveCfg = Debug|Any CPU
		{6C8D5EA8-01CA-41E2-AE45-CD0BC42E49DC}.Debug|Any CPU.Build.0 = Debug|Any CPU
		{6C8D5EA8-01CA-41E2-AE45-CD0BC42E49DC}.Release|Any CPU.ActiveCfg = Release|Any CPU
		{6C8D5EA8-01CA-41E2-AE45-CD0BC42E49DC}.Release|Any CPU.Build.0 = Release|Any CPU
		{C4D915EC-B255-4148-A05F-476164F4A956}.Debug|Any CPU.ActiveCfg = Debug|Any CPU
		{C4D915EC-B255-4148-A05F-476164F4A956}.Debug|Any CPU.Build.0 = Debug|Any CPU
		{C4D915EC-B255-4148-A05F-476164F4A956}.Release|Any CPU.ActiveCfg = Release|Any CPU
		{C4D915EC-B255-4148-A05F-476164F4A956}.Release|Any CPU.Build.0 = Release|Any CPU
		{0CBC8271-A5CD-4B10-8927-5BBBDFD037D9}.Debug|Any CPU.ActiveCfg = Debug|Any CPU
		{0CBC8271-A5CD-4B10-8927-5BBBDFD037D9}.Debug|Any CPU.Build.0 = Debug|Any CPU
		{0CBC8271-A5CD-4B10-8927-5BBBDFD037D9}.Release|Any CPU.ActiveCfg = Release|Any CPU
		{0CBC8271-A5CD-4B10-8927-5BBBDFD037D9}.Release|Any CPU.Build.0 = Release|Any CPU
		{37F480D9-8A68-4B57-928A-A4EF03A1B264}.Debug|Any CPU.ActiveCfg = Debug|Any CPU
		{37F480D9-8A68-4B57-928A-A4EF03A1B264}.Debug|Any CPU.Build.0 = Debug|Any CPU
		{37F480D9-8A68-4B57-928A-A4EF03A1B264}.Release|Any CPU.ActiveCfg = Release|Any CPU
		{37F480D9-8A68-4B57-928A-A4EF03A1B264}.Release|Any CPU.Build.0 = Release|Any CPU
		{5ABB0F64-B74E-42A8-9837-0F97394326D3}.Debug|Any CPU.ActiveCfg = Debug|Any CPU
		{5ABB0F64-B74E-42A8-9837-0F97394326D3}.Debug|Any CPU.Build.0 = Debug|Any CPU
		{5ABB0F64-B74E-42A8-9837-0F97394326D3}.Release|Any CPU.ActiveCfg = Release|Any CPU
		{5ABB0F64-B74E-42A8-9837-0F97394326D3}.Release|Any CPU.Build.0 = Release|Any CPU
		{5682FC7F-7141-441E-A0EF-CAEE8FBEBDFE}.Debug|Any CPU.ActiveCfg = Debug|Any CPU
		{5682FC7F-7141-441E-A0EF-CAEE8FBEBDFE}.Debug|Any CPU.Build.0 = Debug|Any CPU
		{5682FC7F-7141-441E-A0EF-CAEE8FBEBDFE}.Release|Any CPU.ActiveCfg = Release|Any CPU
		{5682FC7F-7141-441E-A0EF-CAEE8FBEBDFE}.Release|Any CPU.Build.0 = Release|Any CPU
		{C71DC70F-2C6A-4E35-B12E-E856AB091CB4}.Debug|Any CPU.ActiveCfg = Debug|Any CPU
		{C71DC70F-2C6A-4E35-B12E-E856AB091CB4}.Debug|Any CPU.Build.0 = Debug|Any CPU
		{C71DC70F-2C6A-4E35-B12E-E856AB091CB4}.Release|Any CPU.ActiveCfg = Release|Any CPU
		{C71DC70F-2C6A-4E35-B12E-E856AB091CB4}.Release|Any CPU.Build.0 = Release|Any CPU
		{0ECE1F53-DD93-4946-8E3C-9687ABCC0CFD}.Debug|Any CPU.ActiveCfg = Debug|Any CPU
		{0ECE1F53-DD93-4946-8E3C-9687ABCC0CFD}.Debug|Any CPU.Build.0 = Debug|Any CPU
		{0ECE1F53-DD93-4946-8E3C-9687ABCC0CFD}.Release|Any CPU.ActiveCfg = Release|Any CPU
		{0ECE1F53-DD93-4946-8E3C-9687ABCC0CFD}.Release|Any CPU.Build.0 = Release|Any CPU
		{9DE75DBA-6F36-4F71-BDB5-3C6220AF6D09}.Debug|Any CPU.ActiveCfg = Debug|Any CPU
		{9DE75DBA-6F36-4F71-BDB5-3C6220AF6D09}.Debug|Any CPU.Build.0 = Debug|Any CPU
		{9DE75DBA-6F36-4F71-BDB5-3C6220AF6D09}.Release|Any CPU.ActiveCfg = Release|Any CPU
		{9DE75DBA-6F36-4F71-BDB5-3C6220AF6D09}.Release|Any CPU.Build.0 = Release|Any CPU
		{655B3DFA-C57E-444B-9178-954C2C72B9B3}.Debug|Any CPU.ActiveCfg = Debug|Any CPU
		{655B3DFA-C57E-444B-9178-954C2C72B9B3}.Debug|Any CPU.Build.0 = Debug|Any CPU
		{655B3DFA-C57E-444B-9178-954C2C72B9B3}.Release|Any CPU.ActiveCfg = Release|Any CPU
		{655B3DFA-C57E-444B-9178-954C2C72B9B3}.Release|Any CPU.Build.0 = Release|Any CPU
		{DBCB925C-09CE-43C7-B685-57188D3B5D4A}.Debug|Any CPU.ActiveCfg = Debug|Any CPU
		{DBCB925C-09CE-43C7-B685-57188D3B5D4A}.Debug|Any CPU.Build.0 = Debug|Any CPU
		{DBCB925C-09CE-43C7-B685-57188D3B5D4A}.Release|Any CPU.ActiveCfg = Release|Any CPU
		{DBCB925C-09CE-43C7-B685-57188D3B5D4A}.Release|Any CPU.Build.0 = Release|Any CPU
		{B6474B80-B9BE-42AD-A9AF-8388262EC15C}.Debug|Any CPU.ActiveCfg = Debug|Any CPU
		{B6474B80-B9BE-42AD-A9AF-8388262EC15C}.Debug|Any CPU.Build.0 = Debug|Any CPU
		{B6474B80-B9BE-42AD-A9AF-8388262EC15C}.Release|Any CPU.ActiveCfg = Release|Any CPU
		{B6474B80-B9BE-42AD-A9AF-8388262EC15C}.Release|Any CPU.Build.0 = Release|Any CPU
		{A6B7D0A0-AB2D-4B7D-9DC0-8358F4AFFB76}.Debug|Any CPU.ActiveCfg = Debug|Any CPU
		{A6B7D0A0-AB2D-4B7D-9DC0-8358F4AFFB76}.Debug|Any CPU.Build.0 = Debug|Any CPU
		{A6B7D0A0-AB2D-4B7D-9DC0-8358F4AFFB76}.Release|Any CPU.ActiveCfg = Release|Any CPU
		{A6B7D0A0-AB2D-4B7D-9DC0-8358F4AFFB76}.Release|Any CPU.Build.0 = Release|Any CPU
		{20BB2EE0-76AD-40E4-BFB2-B19CBD0F24FC}.Debug|Any CPU.ActiveCfg = Debug|Any CPU
		{20BB2EE0-76AD-40E4-BFB2-B19CBD0F24FC}.Debug|Any CPU.Build.0 = Debug|Any CPU
		{20BB2EE0-76AD-40E4-BFB2-B19CBD0F24FC}.Release|Any CPU.ActiveCfg = Release|Any CPU
		{20BB2EE0-76AD-40E4-BFB2-B19CBD0F24FC}.Release|Any CPU.Build.0 = Release|Any CPU
		{51165649-6D52-4F07-9BFB-19E7848E83FD}.Debug|Any CPU.ActiveCfg = Debug|Any CPU
		{51165649-6D52-4F07-9BFB-19E7848E83FD}.Debug|Any CPU.Build.0 = Debug|Any CPU
		{51165649-6D52-4F07-9BFB-19E7848E83FD}.Release|Any CPU.ActiveCfg = Release|Any CPU
		{51165649-6D52-4F07-9BFB-19E7848E83FD}.Release|Any CPU.Build.0 = Release|Any CPU
		{D1CF26CD-EF3F-439A-9DDE-7070C8F1F953}.Debug|Any CPU.ActiveCfg = Debug|Any CPU
		{D1CF26CD-EF3F-439A-9DDE-7070C8F1F953}.Debug|Any CPU.Build.0 = Debug|Any CPU
		{D1CF26CD-EF3F-439A-9DDE-7070C8F1F953}.Release|Any CPU.ActiveCfg = Release|Any CPU
		{D1CF26CD-EF3F-439A-9DDE-7070C8F1F953}.Release|Any CPU.Build.0 = Release|Any CPU
		{F600F70B-4394-4D1F-977E-24FA5FA7A098}.Debug|Any CPU.ActiveCfg = Debug|Any CPU
		{F600F70B-4394-4D1F-977E-24FA5FA7A098}.Debug|Any CPU.Build.0 = Debug|Any CPU
		{F600F70B-4394-4D1F-977E-24FA5FA7A098}.Release|Any CPU.ActiveCfg = Release|Any CPU
		{F600F70B-4394-4D1F-977E-24FA5FA7A098}.Release|Any CPU.Build.0 = Release|Any CPU
		{F3DF0A26-17D2-4BA5-8106-10AD8B370FF9}.Debug|Any CPU.ActiveCfg = Debug|Any CPU
		{F3DF0A26-17D2-4BA5-8106-10AD8B370FF9}.Debug|Any CPU.Build.0 = Debug|Any CPU
		{F3DF0A26-17D2-4BA5-8106-10AD8B370FF9}.Release|Any CPU.ActiveCfg = Release|Any CPU
		{F3DF0A26-17D2-4BA5-8106-10AD8B370FF9}.Release|Any CPU.Build.0 = Release|Any CPU
		{CD9BB7F4-91BC-4343-9D1F-AC2FD22BDE7F}.Debug|Any CPU.ActiveCfg = Debug|Any CPU
		{CD9BB7F4-91BC-4343-9D1F-AC2FD22BDE7F}.Debug|Any CPU.Build.0 = Debug|Any CPU
		{CD9BB7F4-91BC-4343-9D1F-AC2FD22BDE7F}.Release|Any CPU.ActiveCfg = Release|Any CPU
		{CD9BB7F4-91BC-4343-9D1F-AC2FD22BDE7F}.Release|Any CPU.Build.0 = Release|Any CPU
		{A7ECA8D4-00D0-4758-AC05-BEC439C61C96}.Debug|Any CPU.ActiveCfg = Debug|Any CPU
		{A7ECA8D4-00D0-4758-AC05-BEC439C61C96}.Debug|Any CPU.Build.0 = Debug|Any CPU
		{A7ECA8D4-00D0-4758-AC05-BEC439C61C96}.Release|Any CPU.ActiveCfg = Release|Any CPU
		{A7ECA8D4-00D0-4758-AC05-BEC439C61C96}.Release|Any CPU.Build.0 = Release|Any CPU
	EndGlobalSection
	GlobalSection(SolutionProperties) = preSolution
		HideSolutionNode = FALSE
	EndGlobalSection
	GlobalSection(NestedProjects) = preSolution
		{38B29213-9DB6-42B1-80F3-69EDB7BBEDC3} = {2BF99A4A-D115-4895-8449-60862AB634FE}
		{02890555-756C-4622-8CAB-FBBD82CF3589} = {F8ADBAA7-E5E5-435F-972F-EB6FD992692F}
		{2429EB95-43F8-4C81-8204-4B3AC819A77B} = {F8ADBAA7-E5E5-435F-972F-EB6FD992692F}
		{FBFC138C-925D-44D0-90AB-2C18926861C5} = {F8ADBAA7-E5E5-435F-972F-EB6FD992692F}
		{C64D0B17-45F4-4E0F-889E-409A435A1BE1} = {F8ADBAA7-E5E5-435F-972F-EB6FD992692F}
		{ABE8ABA4-3B44-48C3-A88D-A02B89226652} = {F8ADBAA7-E5E5-435F-972F-EB6FD992692F}
		{988F2279-6D73-4C65-B8C2-E088B391E2FC} = {F8ADBAA7-E5E5-435F-972F-EB6FD992692F}
		{F8E18220-9A8D-4FAE-843D-80F1A44637A2} = {7370AD52-CAF5-49D4-87BC-7231BD0B06E4}
		{05214B59-EB2A-4074-AAD6-84EF22390E6A} = {0C7A5775-D137-469D-9EDA-3C3DF6ABDB78}
		{21DFAF56-55BB-4C03-A23F-7F00B047518A} = {0C7A5775-D137-469D-9EDA-3C3DF6ABDB78}
		{51A9F88A-FA7E-428A-8EB1-A70D79B6D9A2} = {0C7A5775-D137-469D-9EDA-3C3DF6ABDB78}
		{82303FC2-D5B0-4DDE-8ED3-7F91ACC08C8B} = {86A748F1-0011-4C1E-8541-9A9259324959}
		{46DABAD2-4818-4E92-AD48-E51189A5106E} = {86A748F1-0011-4C1E-8541-9A9259324959}
		{81397A83-0D52-40F0-8DBD-2BFC922B14DB} = {86A748F1-0011-4C1E-8541-9A9259324959}
		{070A6A89-7EB4-45F0-8017-FA1143C0DA83} = {86A748F1-0011-4C1E-8541-9A9259324959}
		{C6BE942B-438E-470D-8752-E9FAE0C07A88} = {86A748F1-0011-4C1E-8541-9A9259324959}
		{49425BED-BBFA-4845-866B-3208C16F9BB7} = {41C2D0FD-051C-46C2-AD4E-5C40EF0C3B97}
		{B740DDCC-DDA1-4E7E-87D7-768A2151A759} = {DF100252-EBF1-4582-8EFD-F29F1FE560D8}
		{0513D0AE-3834-4A88-951A-BEDF4BD9D0E7} = {DF100252-EBF1-4582-8EFD-F29F1FE560D8}
		{9643D4DB-C27C-4C43-8C9A-3AF4A7F460C0} = {DF100252-EBF1-4582-8EFD-F29F1FE560D8}
		{D6F59303-9752-4FBB-A207-F42BB9AA8179} = {DF100252-EBF1-4582-8EFD-F29F1FE560D8}
		{D6775C7F-F988-449A-9B49-C4A434F5D335} = {DF100252-EBF1-4582-8EFD-F29F1FE560D8}
		{DD843F3B-C951-4519-86D7-205C5ECF5F75} = {DF100252-EBF1-4582-8EFD-F29F1FE560D8}
		{F1530C74-9FE2-4C12-90F7-DC9E2EE0F338} = {DF100252-EBF1-4582-8EFD-F29F1FE560D8}
		{CD7812CE-03D1-4CB5-9068-352C2ED56228} = {DF100252-EBF1-4582-8EFD-F29F1FE560D8}
		{6F856F9E-DD51-48D6-A0FF-10908F27919D} = {DF100252-EBF1-4582-8EFD-F29F1FE560D8}
		{FFD5C66D-BF2E-45DE-AC51-83D00DC9ECB8} = {DF100252-EBF1-4582-8EFD-F29F1FE560D8}
		{C88D4C3F-A446-4D3C-9746-7D2791F7AAB6} = {DF100252-EBF1-4582-8EFD-F29F1FE560D8}
		{7BC3B599-FD5E-4C7F-A9DA-F6D27366310B} = {0110A563-1DCE-480B-864E-97AEE32A9BEF}
		{D1AE8BA6-DB0C-4041-9DDC-AAEF7AFD650D} = {0110A563-1DCE-480B-864E-97AEE32A9BEF}
		{1FDD752A-719A-44CE-ADF9-A3F34063EEF8} = {0110A563-1DCE-480B-864E-97AEE32A9BEF}
		{8D1961BB-C1D5-42B0-81E8-8474C318C28F} = {FDD07F79-7465-45BD-BF02-EE001E4EE947}
		{A0F452C8-2AC7-4C78-8809-55CD992822C3} = {FDD07F79-7465-45BD-BF02-EE001E4EE947}
		{3FF129D1-48CC-4102-8FE4-1B46AFE75D90} = {FDD07F79-7465-45BD-BF02-EE001E4EE947}
		{E7740D05-075C-4924-8F92-2EB6C5F081A3} = {1B7394E7-F934-4B6B-846E-A55B1A4A2840}
		{BEFA2A7B-342C-4A2E-AF0C-08C8A0BACBFA} = {1B7394E7-F934-4B6B-846E-A55B1A4A2840}
		{8C9E5297-DABC-42DC-9347-E1396FD1E46B} = {1B7394E7-F934-4B6B-846E-A55B1A4A2840}
		{D72B5C52-9F0A-435B-BAF0-15187711D802} = {1B7394E7-F934-4B6B-846E-A55B1A4A2840}
		{310B0504-4D9F-4CAA-989A-4964FF5C1941} = {1B7394E7-F934-4B6B-846E-A55B1A4A2840}
		{5E5AA632-CC42-4A57-92CF-79B7912C3B21} = {3246F6D3-BFBA-46FA-85B7-0BF37EA43EBD}
		{0C619176-04ED-473F-AB7F-038BDBDB1663} = {3246F6D3-BFBA-46FA-85B7-0BF37EA43EBD}
		{383301BD-8A35-4DE1-9F4B-CE52CC11AF13} = {3246F6D3-BFBA-46FA-85B7-0BF37EA43EBD}
		{1DA94C34-D2AA-4EB3-8568-E1CA0915A064} = {3246F6D3-BFBA-46FA-85B7-0BF37EA43EBD}
		{6C8D5EA8-01CA-41E2-AE45-CD0BC42E49DC} = {3246F6D3-BFBA-46FA-85B7-0BF37EA43EBD}
		{C4D915EC-B255-4148-A05F-476164F4A956} = {3246F6D3-BFBA-46FA-85B7-0BF37EA43EBD}
		{0CBC8271-A5CD-4B10-8927-5BBBDFD037D9} = {45AE4258-2CAB-4E8A-82A6-3688CED5415A}
		{37F480D9-8A68-4B57-928A-A4EF03A1B264} = {45AE4258-2CAB-4E8A-82A6-3688CED5415A}
		{5ABB0F64-B74E-42A8-9837-0F97394326D3} = {3246F6D3-BFBA-46FA-85B7-0BF37EA43EBD}
		{5682FC7F-7141-441E-A0EF-CAEE8FBEBDFE} = {249696E1-4106-4D69-94F2-9EC7E7AE0EBC}
		{C71DC70F-2C6A-4E35-B12E-E856AB091CB4} = {249696E1-4106-4D69-94F2-9EC7E7AE0EBC}
		{0ECE1F53-DD93-4946-8E3C-9687ABCC0CFD} = {249696E1-4106-4D69-94F2-9EC7E7AE0EBC}
		{9DE75DBA-6F36-4F71-BDB5-3C6220AF6D09} = {249696E1-4106-4D69-94F2-9EC7E7AE0EBC}
		{655B3DFA-C57E-444B-9178-954C2C72B9B3} = {249696E1-4106-4D69-94F2-9EC7E7AE0EBC}
		{DBCB925C-09CE-43C7-B685-57188D3B5D4A} = {249696E1-4106-4D69-94F2-9EC7E7AE0EBC}
		{B6474B80-B9BE-42AD-A9AF-8388262EC15C} = {952401BD-FE57-419B-8623-AFA79DABFE6C}
		{A6B7D0A0-AB2D-4B7D-9DC0-8358F4AFFB76} = {952401BD-FE57-419B-8623-AFA79DABFE6C}
		{20BB2EE0-76AD-40E4-BFB2-B19CBD0F24FC} = {952401BD-FE57-419B-8623-AFA79DABFE6C}
		{51165649-6D52-4F07-9BFB-19E7848E83FD} = {59ADFD23-7058-4520-9E97-2C59AD4BF573}
		{D1CF26CD-EF3F-439A-9DDE-7070C8F1F953} = {D96D2023-AA68-49ED-80BA-0C65AC1E0418}
		{F600F70B-4394-4D1F-977E-24FA5FA7A098} = {D96D2023-AA68-49ED-80BA-0C65AC1E0418}
		{F3DF0A26-17D2-4BA5-8106-10AD8B370FF9} = {D96D2023-AA68-49ED-80BA-0C65AC1E0418}
		{CD9BB7F4-91BC-4343-9D1F-AC2FD22BDE7F} = {D96D2023-AA68-49ED-80BA-0C65AC1E0418}
		{A7ECA8D4-00D0-4758-AC05-BEC439C61C96} = {D96D2023-AA68-49ED-80BA-0C65AC1E0418}
	EndGlobalSection
	GlobalSection(ExtensibilityGlobals) = postSolution
		SolutionGuid = {854D2A99-8C7F-46F1-8DB7-B7AAC3A6A105}
	EndGlobalSection
EndGlobal
