
Microsoft Visual Studio Solution File, Format Version 12.00
# Visual Studio Version 16
VisualStudioVersion = 16.0.30225.117
MinimumVisualStudioVersion = 10.0.40219.1
Project("{FAE04EC0-301F-11D3-BF4B-00C04F79EFBC}") = "ChartTestApp", "ChartTestApp\ChartTestApp.csproj", "{92DE3654-4EE4-452D-AAFF-9B34AD041469}"
EndProject
Project("{54435603-DBB4-11D2-8724-00A0C9A8B90C}") = "MyChartSetup", "MyChartSetup\MyChartSetup.vdproj", "{7806867B-F9B1-4C36-BE0C-273745BCF846}"
EndProject
Global
	GlobalSection(SolutionConfigurationPlatforms) = preSolution
		Debug|Any CPU = Debug|Any CPU
		Release|Any CPU = Release|Any CPU
	EndGlobalSection
	GlobalSection(ProjectConfigurationPlatforms) = postSolution
		{92DE3654-4EE4-452D-AAFF-9B34AD041469}.Debug|Any CPU.ActiveCfg = Debug|Any CPU
		{92DE3654-4EE4-452D-AAFF-9B34AD041469}.Debug|Any CPU.Build.0 = Debug|Any CPU
		{92DE3654-4EE4-452D-AAFF-9B34AD041469}.Release|Any CPU.ActiveCfg = Release|Any CPU
		{92DE3654-4EE4-452D-AAFF-9B34AD041469}.Release|Any CPU.Build.0 = Release|Any CPU
		{7806867B-F9B1-4C36-BE0C-273745BCF846}.Debug|Any CPU.ActiveCfg = Debug
		{7806867B-F9B1-4C36-BE0C-273745BCF846}.Release|Any CPU.ActiveCfg = Release
	EndGlobalSection
	GlobalSection(SolutionProperties) = preSolution
		HideSolutionNode = FALSE
	EndGlobalSection
	GlobalSection(ExtensibilityGlobals) = postSolution
		SolutionGuid = {D6138403-F0E7-49FB-9E20-48ADC685F53C}
	EndGlobalSection
EndGlobal
